{
  "name": "tempsvg",
  "version": "1.0.0",
  "lockfileVersion": 3,
  "requires": true,
  "packages": {
    "": {
      "name": "tempsvg",
      "version": "1.0.0",
      "license": "ISC",
      "dependencies": {
        "svg-path-bbox": "^2.1.0"
      }
    },
    "node_modules/svg-path-bbox": {
      "version": "2.1.0",
      "resolved": "https://registry.npmjs.org/svg-path-bbox/-/svg-path-bbox-2.1.0.tgz",
      "integrity": "sha512-PEoSQFbBvL7FOCE4cN8Knej6L7bXdNkjPcUYsfMMpq0HpnqiO0sE2mcXTd7LX160aOyh5HbaeN/SoY8thMk5Kg==",
      "license": "BSD-3-Clause",
      "dependencies": {
        "svgpath": "^2.6.0"
      },
      "bin": {
        "svg-path-bbox": "src/cli.js"
      },
      "engines": {
        "node": ">=6.17.1"
      }
    },
    "node_modules/svgpath": {
      "version": "2.6.0",
      "resolved": "https://registry.npmjs.org/svgpath/-/svgpath-2.6.0.tgz",
      "integrity": "sha512-OIWR6bKzXvdXYyO4DK/UWa1VA1JeKq8E+0ug2DG98Y/vOmMpfZNj+TIG988HjfYSqtcy/hFOtZq/n/j5GSESNg==",
      "license": "MIT",
      "funding": {
        "url": "https://github.com/fontello/svg2ttf?sponsor=1"
      }
    }
  }
}
